
Microsoft Visual Studio Solution File, Format Version 12.00
# Visual Studio 15
VisualStudioVersion = 15.0.28307.645
MinimumVisualStudioVersion = 10.0.40219.1
Project("{FAE04EC0-301F-11D3-BF4B-00C04F79EFBC}") = "teste.FormApi", "teste.FormApi\teste.FormApi.csproj", "{C79579C7-04C2-4E11-BB98-9282269DD904}"
EndProject
Global
	GlobalSection(SolutionConfigurationPlatforms) = preSolution
		Debug|Any CPU = Debug|Any CPU
		Release|Any CPU = Release|Any CPU
	EndGlobalSection
	GlobalSection(ProjectConfigurationPlatforms) = postSolution
		{C79579C7-04C2-4E11-BB98-9282269DD904}.Debug|Any CPU.ActiveCfg = Debug|Any CPU
		{C79579C7-04C2-4E11-BB98-9282269DD904}.Debug|Any CPU.Build.0 = Debug|Any CPU
		{C79579C7-04C2-4E11-BB98-9282269DD904}.Release|Any CPU.ActiveCfg = Release|Any CPU
		{C79579C7-04C2-4E11-BB98-9282269DD904}.Release|Any CPU.Build.0 = Release|Any CPU
	EndGlobalSection
	GlobalSection(SolutionProperties) = preSolution
		HideSolutionNode = FALSE
	EndGlobalSection
	GlobalSection(ExtensibilityGlobals) = postSolution
		SolutionGuid = {8D9B331B-5E27-41E3-A8FB-857393F46EE8}
	EndGlobalSection
EndGlobal
